
Microsoft Visual Studio Solution File, Format Version 12.00
# Visual Studio Version 17
VisualStudioVersion = 17.5.002.0
MinimumVisualStudioVersion = 10.0.40219.1
Project("{9A19103F-16F7-4668-BE54-9A1E7A4F7556}") = "Bincom_internship", "Bincom_internship\Bincom_internship.csproj", "{7BFA8770-FD7E-46C3-A4F2-548AE2047F3E}"
EndProject
Global
	GlobalSection(SolutionConfigurationPlatforms) = preSolution
		Debug|Any CPU = Debug|Any CPU
		Release|Any CPU = Release|Any CPU
	EndGlobalSection
	GlobalSection(ProjectConfigurationPlatforms) = postSolution
		{7BFA8770-FD7E-46C3-A4F2-548AE2047F3E}.Debug|Any CPU.ActiveCfg = Debug|Any CPU
		{7BFA8770-FD7E-46C3-A4F2-548AE2047F3E}.Debug|Any CPU.Build.0 = Debug|Any CPU
		{7BFA8770-FD7E-46C3-A4F2-548AE2047F3E}.Release|Any CPU.ActiveCfg = Release|Any CPU
		{7BFA8770-FD7E-46C3-A4F2-548AE2047F3E}.Release|Any CPU.Build.0 = Release|Any CPU
	EndGlobalSection
	GlobalSection(SolutionProperties) = preSolution
		HideSolutionNode = FALSE
	EndGlobalSection
	GlobalSection(ExtensibilityGlobals) = postSolution
		SolutionGuid = {E5D9D51D-D71C-4E4B-9CC4-D014D29A40A7}
	EndGlobalSection
EndGlobal
